// !$*UTF8*$!
{
	archiveVersion = 1;
	classes = {
	};
	objectVersion = 46;
	objects = {

/* Begin PBXBuildFile section */
		6EAAE9E31D5C6A5F002E2C6F /* AppDelegate.swift in Sources */ = {isa = PBXBuildFile; fileRef = 6EAAE9E21D5C6A5F002E2C6F /* AppDelegate.swift */; };
		6EAAE9E51D5C6A5F002E2C6F /* ViewController.swift in Sources */ = {isa = PBXBuildFile; fileRef = 6EAAE9E41D5C6A5F002E2C6F /* ViewController.swift */; };
		6EAAE9E81D5C6A5F002E2C6F /* Main.storyboard in Resources */ = {isa = PBXBuildFile; fileRef = 6EAAE9E61D5C6A5F002E2C6F /* Main.storyboard */; };
		6EAAE9EA1D5C6A5F002E2C6F /* Assets.xcassets in Resources */ = {isa = PBXBuildFile; fileRef = 6EAAE9E91D5C6A5F002E2C6F /* Assets.xcassets */; };
		6EAAE9ED1D5C6A5F002E2C6F /* LaunchScreen.storyboard in Resources */ = {isa = PBXBuildFile; fileRef = 6EAAE9EB1D5C6A5F002E2C6F /* LaunchScreen.storyboard */; };
/* End PBXBuildFile section */

/* Begin PBXFileReference section */
		6EAAE9DF1D5C6A5F002E2C6F /* Downloading Web Content.app */ = {isa = PBXFileReference; explicitFileType = wrapper.application; includeInIndex = 0; path = "Downloading Web Content.app"; sourceTree = BUILT_PRODUCTS_DIR; };
		6EAAE9E21D5C6A5F002E2C6F /* AppDelegate.swift */ = {isa = PBXFileReference; lastKnownFileType = sourcecode.swift; path = AppDelegate.swift; sourceTree = "<group>"; };
		6EAAE9E41D5C6A5F002E2C6F /* ViewController.swift */ = {isa = PBXFileReference; lastKnownFileType = sourcecode.swift; path = ViewController.swift; sourceTree = "<group>"; };
		6EAAE9E71D5C6A5F002E2C6F /* Base */ = {isa = PBXFileReference; lastKnownFileType = file.storyboard; name = Base; path = Base.lproj/Main.storyboard; sourceTree = "<group>"; };
		6EAAE9E91D5C6A5F002E2C6F /* Assets.xcassets */ = {isa = PBXFileReference; lastKnownFileType = folder.assetcatalog; path = Assets.xcassets; sourceTree = "<group>"; };
		6EAAE9EC1D5C6A5F002E2C6F /* Base */ = {isa = PBXFileReference; lastKnownFileType = file.storyboard; name = Base; path = Base.lproj/LaunchScreen.storyboard; sourceTree = "<group>"; };
		6EAAE9EE1D5C6A5F002E2C6F /* Info.plist */ = {isa = PBXFileReference; lastKnownFileType = text.plist.xml; path = Info.plist; sourceTree = "<group>"; };
/* End PBXFileReference section */

/* Begin PBXFrameworksBuildPhase section */
		6EAAE9DC1D5C6A5F002E2C6F /* Frameworks */ = {
			isa = PBXFrameworksBuildPhase;
			buildActionMask = 2147483647;
			files = (
			);
			runOnlyForDeploymentPostprocessing = 0;
		};
/* End PBXFrameworksBuildPhase section */

/* Begin PBXGroup section */
		6EAAE9D61D5C6A5F002E2C6F = {
			isa = PBXGroup;
			children = (
				6EAAE9E11D5C6A5F002E2C6F /* Downloading Web Content */,
				6EAAE9E01D5C6A5F002E2C6F /* Products */,
			);
			sourceTree = "<group>";
		};
		6EAAE9E01D5C6A5F002E2C6F /* Products */ = {
			isa = PBXGroup;
			children = (
				6EAAE9DF1D5C6A5F002E2C6F /* Downloading Web Content.app */,
			);
			name = Products;
			sourceTree = "<group>";
		};
		6EAAE9E11D5C6A5F002E2C6F /* Downloading Web Content */ = {
			isa = PBXGroup;
			children = (
				6EAAE9E21D5C6A5F002E2C6F /* AppDelegate.swift */,
				6EAAE9E41D5C6A5F002E2C6F /* ViewController.swift */,
				6EAAE9E61D5C6A5F002E2C6F /* Main.storyboard */,
				6EAAE9E91D5C6A5F002E2C6F /* Assets.xcassets */,
				6EAAE9EB1D5C6A5F002E2C6F /* LaunchScreen.storyboard */,
				6EAAE9EE1D5C6A5F002E2C6F /* Info.plist */,
			);
			path = "Downloading Web Content";
			sourceTree = "<group>";
		};
/* End PBXGroup section */

/* Begin PBXNativeTarget section */
		6EAAE9DE1D5C6A5F002E2C6F /* Downloading Web Content */ = {
			isa = PBXNativeTarget;
			buildConfigurationList = 6EAAE9F11D5C6A5F002E2C6F /* Build configuration list for PBXNativeTarget "Downloading Web Content" */;
			buildPhases = (
				6EAAE9DB1D5C6A5F002E2C6F /* Sources */,
				6EAAE9DC1D5C6A5F002E2C6F /* Frameworks */,
				6EAAE9DD1D5C6A5F002E2C6F /* Resources */,
			);
			buildRules = (
			);
			dependencies = (
			);
			name = "Downloading Web Content";
			productName = "Downloading Web Content";
			productReference = 6EAAE9DF1D5C6A5F002E2C6F /* Downloading Web Content.app */;
			productType = "com.apple.product-type.application";
		};
/* End PBXNativeTarget section */

/* Begin PBXProject section */
		6EAAE9D71D5C6A5F002E2C6F /* Project object */ = {
			isa = PBXProject;
			attributes = {
				LastSwiftUpdateCheck = 0730;
				LastUpgradeCheck = 0730;
				ORGANIZATIONNAME = "Zulwiyoza Putra";
				TargetAttributes = {
					6EAAE9DE1D5C6A5F002E2C6F = {
						CreatedOnToolsVersion = 7.3.1;
					};
				};
			};
			buildConfigurationList = 6EAAE9DA1D5C6A5F002E2C6F /* Build configuration list for PBXProject "Downloading Web Content" */;
			compatibilityVersion = "Xcode 3.2";
			developmentRegion = English;
			hasScannedForEncodings = 0;
			knownRegions = (
				en,
				Base,
			);
			mainGroup = 6EAAE9D61D5C6A5F002E2C6F;
			productRefGroup = 6EAAE9E01D5C6A5F002E2C6F /* Products */;
			projectDirPath = "";
			projectRoot = "";
			targets = (
				6EAAE9DE1D5C6A5F002E2C6F /* Downloading Web Content */,
			);
		};
/* End PBXProject section */

/* Begin PBXResourcesBuildPhase section */
		6EAAE9DD1D5C6A5F002E2C6F /* Resources */ = {
			isa = PBXResourcesBuildPhase;
			buildActionMask = 2147483647;
			files = (
				6EAAE9ED1D5C6A5F002E2C6F /* LaunchScreen.storyboard in Resources */,
				6EAAE9EA1D5C6A5F002E2C6F /* Assets.xcassets in Resources */,
				6EAAE9E81D5C6A5F002E2C6F /* Main.storyboard in Resources */,
			);
			runOnlyForDeploymentPostprocessing = 0;
		};
/* End PBXResourcesBuildPhase section */

/* Begin PBXSourcesBuildPhase section */
		6EAAE9DB1D5C6A5F002E2C6F /* Sources */ = {
			isa = PBXSourcesBuildPhase;
			buildActionMask = 2147483647;
			files = (
				6EAAE9E51D5C6A5F002E2C6F /* ViewController.swift in Sources */,
				6EAAE9E31D5C6A5F002E2C6F /* AppDelegate.swift in Sources */,
			);
			runOnlyForDeploymentPostprocessing = 0;
		};
/* End PBXSourcesBuildPhase section */

/* Begin PBXVariantGroup section */
		6EAAE9E61D5C6A5F002E2C6F /* Main.storyboard */ = {
			isa = PBXVariantGroup;
			children = (
				6EAAE9E71D5C6A5F002E2C6F /* Base */,
			);
			name = Main.storyboard;
			sourceTree = "<group>";
		};
		6EAAE9EB1D5C6A5F002E2C6F /* LaunchScreen.storyboard */ = {
			isa = PBXVariantGroup;
			children = (
				6EAAE9EC1D5C6A5F002E2C6F /* Base */,
			);
			name = LaunchScreen.storyboard;
			sourceTree = "<group>";
		};
/* End PBXVariantGroup section */

/* Begin XCBuildConfiguration section */
		6EAAE9EF1D5C6A5F002E2C6F /* Debug */ = {
			isa = XCBuildConfiguration;
			buildSettings = {
				ALWAYS_SEARCH_USER_PATHS = NO;
				CLANG_ANALYZER_NONNULL = YES;
				CLANG_CXX_LANGUAGE_STANDARD = "gnu++0x";
				CLANG_CXX_LIBRARY = "libc++";
				CLANG_ENABLE_MODULES = YES;
				CLANG_ENABLE_OBJC_ARC = YES;
				CLANG_WARN_BOOL_CONVERSION = YES;
				CLANG_WARN_CONSTANT_CONVERSION = YES;
				CLANG_WARN_DIRECT_OBJC_ISA_USAGE = YES_ERROR;
				CLANG_WARN_EMPTY_BODY = YES;
				CLANG_WARN_ENUM_CONVERSION = YES;
				CLANG_WARN_INT_CONVERSION = YES;
				CLANG_WARN_OBJC_ROOT_CLASS = YES_ERROR;
				CLANG_WARN_UNREACHABLE_CODE = YES;
				CLANG_WARN__DUPLICATE_METHOD_MATCH = YES;
				"CODE_SIGN_IDENTITY[sdk=iphoneos*]" = "iPhone Developer";
				COPY_PHASE_STRIP = NO;
				DEBUG_INFORMATION_FORMAT = dwarf;
				ENABLE_STRICT_OBJC_MSGSEND = YES;
				ENABLE_TESTABILITY = YES;
				GCC_C_LANGUAGE_STANDARD = gnu99;
				GCC_DYNAMIC_NO_PIC = NO;
				GCC_NO_COMMON_BLOCKS = YES;
				GCC_OPTIMIZATION_LEVEL = 0;
				GCC_PREPROCESSOR_DEFINITIONS = (
					"DEBUG=1",
					"$(inherited)",
				);
				GCC_WARN_64_TO_32_BIT_CONVERSION = YES;
				GCC_WARN_ABOUT_RETURN_TYPE = YES_ERROR;
				GCC_WARN_UNDECLARED_SELECTOR = YES;
				GCC_WARN_UNINITIALIZED_AUTOS = YES_AGGRESSIVE;
				GCC_WARN_UNUSED_FUNCTION = YES;
				GCC_WARN_UNUSED_VARIABLE = YES;
				IPHONEOS_DEPLOYMENT_TARGET = 9.3;
				MTL_ENABLE_DEBUG_INFO = YES;
				ONLY_ACTIVE_ARCH = YES;
				SDKROOT = iphoneos;
				SWIFT_OPTIMIZATION_LEVEL = "-Onone";
				TARGETED_DEVICE_FAMILY = "1,2";
			};
			name = Debug;
		};
		6EAAE9F01D5C6A5F002E2C6F /* Release */ = {
			isa = XCBuildConfiguration;
			buildSettings = {
				ALWAYS_SEARCH_USER_PATHS = NO;
				CLANG_ANALYZER_NONNULL = YES;
				CLANG_CXX_LANGUAGE_STANDARD = "gnu++0x";
				CLANG_CXX_LIBRARY = "libc++";
				CLANG_ENABLE_MODULES = YES;
				CLANG_ENABLE_OBJC_ARC = YES;
				CLANG_WARN_BOOL_CONVERSION = YES;
				CLANG_WARN_CONSTANT_CONVERSION = YES;
				CLANG_WARN_DIRECT_OBJC_ISA_USAGE = YES_ERROR;
				CLANG_WARN_EMPTY_BODY = YES;
				CLANG_WARN_ENUM_CONVERSION = YES;
				CLANG_WARN_INT_CONVERSION = YES;
				CLANG_WARN_OBJC_ROOT_CLASS = YES_ERROR;
				CLANG_WARN_UNREACHABLE_CODE = YES;
				CLANG_WARN__DUPLICATE_METHOD_MATCH = YES;
				"CODE_SIGN_IDENTITY[sdk=iphoneos*]" = "iPhone Developer";
				COPY_PHASE_STRIP = NO;
				DEBUG_INFORMATION_FORMAT = "dwarf-with-dsym";
				ENABLE_NS_ASSERTIONS = NO;
				ENABLE_STRICT_OBJC_MSGSEND = YES;
				GCC_C_LANGUAGE_STANDARD = gnu99;
				GCC_NO_COMMON_BLOCKS = YES;
				GCC_WARN_64_TO_32_BIT_CONVERSION = YES;
				GCC_WARN_ABOUT_RETURN_TYPE = YES_ERROR;
				GCC_WARN_UNDECLARED_SELECTOR = YES;
				GCC_WARN_UNINITIALIZED_AUTOS = YES_AGGRESSIVE;
				GCC_WARN_UNUSED_FUNCTION = YES;
				GCC_WARN_UNUSED_VARIABLE = YES;
				IPHONEOS_DEPLOYMENT_TARGET = 9.3;
				MTL_ENABLE_DEBUG_INFO = NO;
				SDKROOT = iphoneos;
				TARGETED_DEVICE_FAMILY = "1,2";
				VALIDATE_PRODUCT = YES;
			};
			name = Release;
		};
		6EAAE9F21D5C6A5F002E2C6F /* Debug */ = {
			isa = XCBuildConfiguration;
			buildSettings = {
				ASSETCATALOG_COMPILER_APPICON_NAME = AppIcon;
				INFOPLIST_FILE = "Downloading Web Content/Info.plist";
				LD_RUNPATH_SEARCH_PATHS = "$(inherited) @executable_path/Frameworks";
				PRODUCT_BUNDLE_IDENTIFIER = "com.zulwiyozaputra.Downloading-Web-Content";
				PRODUCT_NAME = "$(TARGET_NAME)";
			};
			name = Debug;
		};
		6EAAE9F31D5C6A5F002E2C6F /* Release */ = {
			isa = XCBuildConfiguration;
			buildSettings = {
				ASSETCATALOG_COMPILER_APPICON_NAME = AppIcon;
				INFOPLIST_FILE = "Downloading Web Content/Info.plist";
				LD_RUNPATH_SEARCH_PATHS = "$(inherited) @executable_path/Frameworks";
				PRODUCT_BUNDLE_IDENTIFIER = "com.zulwiyozaputra.Downloading-Web-Content";
				PRODUCT_NAME = "$(TARGET_NAME)";
			};
			name = Release;
		};
/* End XCBuildConfiguration section */

/* Begin XCConfigurationList section */
		6EAAE9DA1D5C6A5F002E2C6F /* Build configuration list for PBXProject "Downloading Web Content" */ = {
			isa = XCConfigurationList;
			buildConfigurations = (
				6EAAE9EF1D5C6A5F002E2C6F /* Debug */,
				6EAAE9F01D5C6A5F002E2C6F /* Release */,
			);
			defaultConfigurationIsVisible = 0;
			defaultConfigurationName = Release;
		};
		6EAAE9F11D5C6A5F002E2C6F /* Build configuration list for PBXNativeTarget "Downloading Web Content" */ = {
			isa = XCConfigurationList;
			buildConfigurations = (
				6EAAE9F21D5C6A5F002E2C6F /* Debug */,
				6EAAE9F31D5C6A5F002E2C6F /* Release */,
			);
			defaultConfigurationIsVisible = 0;
		};
/* End XCConfigurationList section */
	};
	rootObject = 6EAAE9D71D5C6A5F002E2C6F /* Project object */;
}
